
Microsoft Visual Studio Solution File, Format Version 12.00
# Visual Studio Version 17
VisualStudioVersion = 17.4.33213.308
MinimumVisualStudioVersion = 10.0.40219.1
Project("{FAE04EC0-301F-11D3-BF4B-00C04F79EFBC}") = "ExamenJaula", "ExamenJaula\ExamenJaula.csproj", "{249045A2-29C5-4C6C-8346-094BF0AAC752}"
EndProject
Global
	GlobalSection(SolutionConfigurationPlatforms) = preSolution
		Debug|Any CPU = Debug|Any CPU
		Release|Any CPU = Release|Any CPU
	EndGlobalSection
	GlobalSection(ProjectConfigurationPlatforms) = postSolution
		{249045A2-29C5-4C6C-8346-094BF0AAC752}.Debug|Any CPU.ActiveCfg = Debug|Any CPU
		{249045A2-29C5-4C6C-8346-094BF0AAC752}.Debug|Any CPU.Build.0 = Debug|Any CPU
		{249045A2-29C5-4C6C-8346-094BF0AAC752}.Release|Any CPU.ActiveCfg = Release|Any CPU
		{249045A2-29C5-4C6C-8346-094BF0AAC752}.Release|Any CPU.Build.0 = Release|Any CPU
	EndGlobalSection
	GlobalSection(SolutionProperties) = preSolution
		HideSolutionNode = FALSE
	EndGlobalSection
	GlobalSection(ExtensibilityGlobals) = postSolution
		SolutionGuid = {D1424643-737E-402B-8657-3FF7FAED32A6}
	EndGlobalSection
EndGlobal
